<Solution>
    <Folder Name="/src/">
        <Project Path="src/Sermofur.Application/Sermofur.Application.csproj" />
        <Project Path="src/Sermofur.Cli/Sermofur.Cli.csproj" />
        <Project Path="src/Sermofur.Domain/Sermofur.Domain.csproj" />
        <Project Path="src/Sermofur.Infrastructure/Sermofur.Infrastructure.csproj" />
    </Folder>
    <Folder Name="/tests/">
        <Project Path="tests/Sermofur.Tests/Sermofur.Tests.csproj" />
    </Folder>
</Solution>
